
Microsoft Visual Studio Solution File, Format Version 12.00
# Visual Studio Version 17
VisualStudioVersion = 17.0.31903.59
MinimumVisualStudioVersion = 10.0.40219.1
Project("{2150E333-8FDC-42A3-9474-1A3956D46DE8}") = "Solution Items", "Solution Items", "{AE2D4B50-FF68-422F-B519-6B0618A26E73}"
	ProjectSection(SolutionItems) = preProject
		..\BUILD.md = ..\BUILD.md
		Directory.Build.props = Directory.Build.props
		..\FOR_AI.txt = ..\FOR_AI.txt
		..\.github\workflows\hostapp.yml = ..\.github\workflows\hostapp.yml
		..\README.md = ..\README.md
	EndProjectSection
EndProject
Project("{2150E333-8FDC-42A3-9474-1A3956D46DE8}") = "10. HuggingFace", "10. HuggingFace", "{02EA681E-C7D8-13C7-8484-4AC65E1B71E8}"
EndProject
Project("{2150E333-8FDC-42A3-9474-1A3956D46DE8}") = "20. LLamaEngine", "20. LLamaEngine", "{3CD1D55A-C3FC-4701-B1EF-72FF383153DA}"
EndProject
Project("{2150E333-8FDC-42A3-9474-1A3956D46DE8}") = "30. OpenAI", "30. OpenAI", "{E05B8D77-65A4-44B9-8E71-A5199B39020F}"
EndProject
Project("{2150E333-8FDC-42A3-9474-1A3956D46DE8}") = "100. Core", "100. Core", "{A822C36E-C1DA-40B7-967B-BCA87A7D6801}"
EndProject
Project("{2150E333-8FDC-42A3-9474-1A3956D46DE8}") = "010. Externals", "010. Externals", "{1186F97A-15A0-4200-B000-ADE7671B70C3}"
EndProject
Project("{FAE04EC0-301F-11D3-BF4B-00C04F79EFBC}") = "LMSupplyDepots.External.HuggingFace", "LMSupplyDepots.External.HuggingFace\LMSupplyDepots.External.HuggingFace.csproj", "{E6711D17-E671-7F0D-548C-1D6A600609DA}"
EndProject
Project("{FAE04EC0-301F-11D3-BF4B-00C04F79EFBC}") = "LMSupplyDepots.External.HuggingFace.SampleConsoleApp", "LMSupplyDepots.External.HuggingFace.SampleConsoleApp\LMSupplyDepots.External.HuggingFace.SampleConsoleApp.csproj", "{3805B31E-C77F-97A7-913B-8CE462D92BED}"
EndProject
Project("{FAE04EC0-301F-11D3-BF4B-00C04F79EFBC}") = "LMSupplyDepots.External.HuggingFace.Tests", "LMSupplyDepots.External.HuggingFace.Tests\LMSupplyDepots.External.HuggingFace.Tests.csproj", "{8E65F819-2564-B2DD-D0CD-BCB235DF5168}"
EndProject
Project("{FAE04EC0-301F-11D3-BF4B-00C04F79EFBC}") = "LMSupplyDepots.External.LLamaEngine", "LMSupplyDepots.External.LLamaEngine\LMSupplyDepots.External.LLamaEngine.csproj", "{123CF8B8-9C0A-BAF6-8F8D-BD3164DEDEFE}"
EndProject
Project("{FAE04EC0-301F-11D3-BF4B-00C04F79EFBC}") = "LMSupplyDepots.External.LLamaEngine.SampleConsoleApp", "LMSupplyDepots.External.LLamaEngine.SampleConsoleApp\LMSupplyDepots.External.LLamaEngine.SampleConsoleApp.csproj", "{AF66BD5A-D2CE-65C3-D1B4-9259972ABEFE}"
EndProject
Project("{FAE04EC0-301F-11D3-BF4B-00C04F79EFBC}") = "LMSupplyDepots.External.LLamaEngine.Tests", "LMSupplyDepots.External.LLamaEngine.Tests\LMSupplyDepots.External.LLamaEngine.Tests.csproj", "{3B231B91-29EE-9A9F-F521-021534A1987D}"
EndProject
Project("{FAE04EC0-301F-11D3-BF4B-00C04F79EFBC}") = "LMSupplyDepots.External.OpenAI", "LMSupplyDepots.External.OpenAI\LMSupplyDepots.External.OpenAI.csproj", "{64397206-7E0B-4FCC-5BC9-685B296C02DE}"
EndProject
Project("{FAE04EC0-301F-11D3-BF4B-00C04F79EFBC}") = "LMSupplyDepots.External.OpenAI.SampleConsoleApp", "LMSupplyDepots.External.OpenAI.SampleConsoleApp\LMSupplyDepots.External.OpenAI.SampleConsoleApp.csproj", "{D6845228-2B24-7C8D-8B14-FEC921D23E47}"
EndProject
Project("{2150E333-8FDC-42A3-9474-1A3956D46DE8}") = "110. Features", "110. Features", "{C7EDF21F-0134-4397-A522-854C8DE29C5F}"
EndProject
Project("{FAE04EC0-301F-11D3-BF4B-00C04F79EFBC}") = "LMSupplyDepots", "LMSupplyDepots\LMSupplyDepots.csproj", "{A2109E48-FB31-4C50-F22D-3B2F72AC0D18}"
EndProject
Project("{FAE04EC0-301F-11D3-BF4B-00C04F79EFBC}") = "LMSupplyDepots.ModelHub", "LMSupplyDepots.ModelHub\LMSupplyDepots.ModelHub.csproj", "{4E235238-AC1F-AF4A-3DFB-3617F72290B6}"
EndProject
Project("{FAE04EC0-301F-11D3-BF4B-00C04F79EFBC}") = "LMSupplyDepots.Inference", "LMSupplyDepots.Inference\LMSupplyDepots.Inference.csproj", "{6478A379-08A5-4724-9C96-ACA505171097}"
EndProject
Project("{2150E333-8FDC-42A3-9474-1A3956D46DE8}") = "200. SDK", "200. SDK", "{F08C193F-04CE-4DB6-B257-A4CA5CFAF583}"
EndProject
Project("{FAE04EC0-301F-11D3-BF4B-00C04F79EFBC}") = "LMSupplyDepots.SDK", "LMSupplyDepots.SDK\LMSupplyDepots.SDK.csproj", "{3EE5ABD3-9368-48BF-AB33-660184985907}"
EndProject
Project("{2150E333-8FDC-42A3-9474-1A3956D46DE8}") = "300. Apps", "300. Apps", "{41C6FBE0-A24D-4119-BE35-E3DC8956F92E}"
EndProject
Project("{FAE04EC0-301F-11D3-BF4B-00C04F79EFBC}") = "LMSupplyDepots.CLI", "LMSupplyDepots.CLI\LMSupplyDepots.CLI.csproj", "{E30BBFAB-5140-47C8-75AB-0E11CB049FDB}"
EndProject
Project("{FAE04EC0-301F-11D3-BF4B-00C04F79EFBC}") = "LMSupplyDepots.SampleApp", "LMSupplyDepots.SampleApp\LMSupplyDepots.SampleApp.csproj", "{03ECCA7B-83A3-4D43-BFF0-6C20E91AFEC8}"
EndProject
Project("{FAE04EC0-301F-11D3-BF4B-00C04F79EFBC}") = "LMSupplyDepots.Host", "LMSupplyDepots.Host\LMSupplyDepots.Host.csproj", "{9E1C5727-8A15-41D4-9942-7F669E378630}"
EndProject
Project("{2150E333-8FDC-42A3-9474-1A3956D46DE8}") = "310. CLI", "310. CLI", "{999F0CC7-F353-4108-9828-1288751C0626}"
EndProject
Project("{FAE04EC0-301F-11D3-BF4B-00C04F79EFBC}") = "LMSupplyDepots.HostApp", "LMSupplyDepots.HostApp\LMSupplyDepots.HostApp.csproj", "{87A0EF63-9692-47E3-938A-099C275B5AD0}"
EndProject
Project("{FAE04EC0-301F-11D3-BF4B-00C04F79EFBC}") = "LMSupplyDepots.Host.Tests", "LMSupplyDepots.Host.Tests\LMSupplyDepots.Host.Tests.csproj", "{A1FDFCAD-15EB-40DB-AA69-93E182DAFC64}"
EndProject
Global
	GlobalSection(SolutionConfigurationPlatforms) = preSolution
		Debug|Any CPU = Debug|Any CPU
		Debug|x64 = Debug|x64
		Debug|x86 = Debug|x86
		Release|Any CPU = Release|Any CPU
		Release|x64 = Release|x64
		Release|x86 = Release|x86
	EndGlobalSection
	GlobalSection(ProjectConfigurationPlatforms) = postSolution
		{E6711D17-E671-7F0D-548C-1D6A600609DA}.Debug|Any CPU.ActiveCfg = Debug|Any CPU
		{E6711D17-E671-7F0D-548C-1D6A600609DA}.Debug|Any CPU.Build.0 = Debug|Any CPU
		{E6711D17-E671-7F0D-548C-1D6A600609DA}.Debug|x64.ActiveCfg = Debug|Any CPU
		{E6711D17-E671-7F0D-548C-1D6A600609DA}.Debug|x64.Build.0 = Debug|Any CPU
		{E6711D17-E671-7F0D-548C-1D6A600609DA}.Debug|x86.ActiveCfg = Debug|Any CPU
		{E6711D17-E671-7F0D-548C-1D6A600609DA}.Debug|x86.Build.0 = Debug|Any CPU
		{E6711D17-E671-7F0D-548C-1D6A600609DA}.Release|Any CPU.ActiveCfg = Release|Any CPU
		{E6711D17-E671-7F0D-548C-1D6A600609DA}.Release|Any CPU.Build.0 = Release|Any CPU
		{E6711D17-E671-7F0D-548C-1D6A600609DA}.Release|x64.ActiveCfg = Release|Any CPU
		{E6711D17-E671-7F0D-548C-1D6A600609DA}.Release|x64.Build.0 = Release|Any CPU
		{E6711D17-E671-7F0D-548C-1D6A600609DA}.Release|x86.ActiveCfg = Release|Any CPU
		{E6711D17-E671-7F0D-548C-1D6A600609DA}.Release|x86.Build.0 = Release|Any CPU
		{3805B31E-C77F-97A7-913B-8CE462D92BED}.Debug|Any CPU.ActiveCfg = Debug|Any CPU
		{3805B31E-C77F-97A7-913B-8CE462D92BED}.Debug|Any CPU.Build.0 = Debug|Any CPU
		{3805B31E-C77F-97A7-913B-8CE462D92BED}.Debug|x64.ActiveCfg = Debug|Any CPU
		{3805B31E-C77F-97A7-913B-8CE462D92BED}.Debug|x64.Build.0 = Debug|Any CPU
		{3805B31E-C77F-97A7-913B-8CE462D92BED}.Debug|x86.ActiveCfg = Debug|Any CPU
		{3805B31E-C77F-97A7-913B-8CE462D92BED}.Debug|x86.Build.0 = Debug|Any CPU
		{3805B31E-C77F-97A7-913B-8CE462D92BED}.Release|Any CPU.ActiveCfg = Release|Any CPU
		{3805B31E-C77F-97A7-913B-8CE462D92BED}.Release|Any CPU.Build.0 = Release|Any CPU
		{3805B31E-C77F-97A7-913B-8CE462D92BED}.Release|x64.ActiveCfg = Release|Any CPU
		{3805B31E-C77F-97A7-913B-8CE462D92BED}.Release|x64.Build.0 = Release|Any CPU
		{3805B31E-C77F-97A7-913B-8CE462D92BED}.Release|x86.ActiveCfg = Release|Any CPU
		{3805B31E-C77F-97A7-913B-8CE462D92BED}.Release|x86.Build.0 = Release|Any CPU
		{8E65F819-2564-B2DD-D0CD-BCB235DF5168}.Debug|Any CPU.ActiveCfg = Debug|Any CPU
		{8E65F819-2564-B2DD-D0CD-BCB235DF5168}.Debug|Any CPU.Build.0 = Debug|Any CPU
		{8E65F819-2564-B2DD-D0CD-BCB235DF5168}.Debug|x64.ActiveCfg = Debug|Any CPU
		{8E65F819-2564-B2DD-D0CD-BCB235DF5168}.Debug|x64.Build.0 = Debug|Any CPU
		{8E65F819-2564-B2DD-D0CD-BCB235DF5168}.Debug|x86.ActiveCfg = Debug|Any CPU
		{8E65F819-2564-B2DD-D0CD-BCB235DF5168}.Debug|x86.Build.0 = Debug|Any CPU
		{8E65F819-2564-B2DD-D0CD-BCB235DF5168}.Release|Any CPU.ActiveCfg = Release|Any CPU
		{8E65F819-2564-B2DD-D0CD-BCB235DF5168}.Release|Any CPU.Build.0 = Release|Any CPU
		{8E65F819-2564-B2DD-D0CD-BCB235DF5168}.Release|x64.ActiveCfg = Release|Any CPU
		{8E65F819-2564-B2DD-D0CD-BCB235DF5168}.Release|x64.Build.0 = Release|Any CPU
		{8E65F819-2564-B2DD-D0CD-BCB235DF5168}.Release|x86.ActiveCfg = Release|Any CPU
		{8E65F819-2564-B2DD-D0CD-BCB235DF5168}.Release|x86.Build.0 = Release|Any CPU
		{123CF8B8-9C0A-BAF6-8F8D-BD3164DEDEFE}.Debug|Any CPU.ActiveCfg = Debug|Any CPU
		{123CF8B8-9C0A-BAF6-8F8D-BD3164DEDEFE}.Debug|Any CPU.Build.0 = Debug|Any CPU
		{123CF8B8-9C0A-BAF6-8F8D-BD3164DEDEFE}.Debug|x64.ActiveCfg = Debug|Any CPU
		{123CF8B8-9C0A-BAF6-8F8D-BD3164DEDEFE}.Debug|x64.Build.0 = Debug|Any CPU
		{123CF8B8-9C0A-BAF6-8F8D-BD3164DEDEFE}.Debug|x86.ActiveCfg = Debug|Any CPU
		{123CF8B8-9C0A-BAF6-8F8D-BD3164DEDEFE}.Debug|x86.Build.0 = Debug|Any CPU
		{123CF8B8-9C0A-BAF6-8F8D-BD3164DEDEFE}.Release|Any CPU.ActiveCfg = Release|Any CPU
		{123CF8B8-9C0A-BAF6-8F8D-BD3164DEDEFE}.Release|Any CPU.Build.0 = Release|Any CPU
		{123CF8B8-9C0A-BAF6-8F8D-BD3164DEDEFE}.Release|x64.ActiveCfg = Release|Any CPU
		{123CF8B8-9C0A-BAF6-8F8D-BD3164DEDEFE}.Release|x64.Build.0 = Release|Any CPU
		{123CF8B8-9C0A-BAF6-8F8D-BD3164DEDEFE}.Release|x86.ActiveCfg = Release|Any CPU
		{123CF8B8-9C0A-BAF6-8F8D-BD3164DEDEFE}.Release|x86.Build.0 = Release|Any CPU
		{AF66BD5A-D2CE-65C3-D1B4-9259972ABEFE}.Debug|Any CPU.ActiveCfg = Debug|Any CPU
		{AF66BD5A-D2CE-65C3-D1B4-9259972ABEFE}.Debug|Any CPU.Build.0 = Debug|Any CPU
		{AF66BD5A-D2CE-65C3-D1B4-9259972ABEFE}.Debug|x64.ActiveCfg = Debug|Any CPU
		{AF66BD5A-D2CE-65C3-D1B4-9259972ABEFE}.Debug|x64.Build.0 = Debug|Any CPU
		{AF66BD5A-D2CE-65C3-D1B4-9259972ABEFE}.Debug|x86.ActiveCfg = Debug|Any CPU
		{AF66BD5A-D2CE-65C3-D1B4-9259972ABEFE}.Debug|x86.Build.0 = Debug|Any CPU
		{AF66BD5A-D2CE-65C3-D1B4-9259972ABEFE}.Release|Any CPU.ActiveCfg = Release|Any CPU
		{AF66BD5A-D2CE-65C3-D1B4-9259972ABEFE}.Release|Any CPU.Build.0 = Release|Any CPU
		{AF66BD5A-D2CE-65C3-D1B4-9259972ABEFE}.Release|x64.ActiveCfg = Release|Any CPU
		{AF66BD5A-D2CE-65C3-D1B4-9259972ABEFE}.Release|x64.Build.0 = Release|Any CPU
		{AF66BD5A-D2CE-65C3-D1B4-9259972ABEFE}.Release|x86.ActiveCfg = Release|Any CPU
		{AF66BD5A-D2CE-65C3-D1B4-9259972ABEFE}.Release|x86.Build.0 = Release|Any CPU
		{3B231B91-29EE-9A9F-F521-021534A1987D}.Debug|Any CPU.ActiveCfg = Debug|Any CPU
		{3B231B91-29EE-9A9F-F521-021534A1987D}.Debug|Any CPU.Build.0 = Debug|Any CPU
		{3B231B91-29EE-9A9F-F521-021534A1987D}.Debug|x64.ActiveCfg = Debug|Any CPU
		{3B231B91-29EE-9A9F-F521-021534A1987D}.Debug|x64.Build.0 = Debug|Any CPU
		{3B231B91-29EE-9A9F-F521-021534A1987D}.Debug|x86.ActiveCfg = Debug|Any CPU
		{3B231B91-29EE-9A9F-F521-021534A1987D}.Debug|x86.Build.0 = Debug|Any CPU
		{3B231B91-29EE-9A9F-F521-021534A1987D}.Release|Any CPU.ActiveCfg = Release|Any CPU
		{3B231B91-29EE-9A9F-F521-021534A1987D}.Release|Any CPU.Build.0 = Release|Any CPU
		{3B231B91-29EE-9A9F-F521-021534A1987D}.Release|x64.ActiveCfg = Release|Any CPU
		{3B231B91-29EE-9A9F-F521-021534A1987D}.Release|x64.Build.0 = Release|Any CPU
		{3B231B91-29EE-9A9F-F521-021534A1987D}.Release|x86.ActiveCfg = Release|Any CPU
		{3B231B91-29EE-9A9F-F521-021534A1987D}.Release|x86.Build.0 = Release|Any CPU
		{64397206-7E0B-4FCC-5BC9-685B296C02DE}.Debug|Any CPU.ActiveCfg = Debug|Any CPU
		{64397206-7E0B-4FCC-5BC9-685B296C02DE}.Debug|Any CPU.Build.0 = Debug|Any CPU
		{64397206-7E0B-4FCC-5BC9-685B296C02DE}.Debug|x64.ActiveCfg = Debug|Any CPU
		{64397206-7E0B-4FCC-5BC9-685B296C02DE}.Debug|x64.Build.0 = Debug|Any CPU
		{64397206-7E0B-4FCC-5BC9-685B296C02DE}.Debug|x86.ActiveCfg = Debug|Any CPU
		{64397206-7E0B-4FCC-5BC9-685B296C02DE}.Debug|x86.Build.0 = Debug|Any CPU
		{64397206-7E0B-4FCC-5BC9-685B296C02DE}.Release|Any CPU.ActiveCfg = Release|Any CPU
		{64397206-7E0B-4FCC-5BC9-685B296C02DE}.Release|Any CPU.Build.0 = Release|Any CPU
		{64397206-7E0B-4FCC-5BC9-685B296C02DE}.Release|x64.ActiveCfg = Release|Any CPU
		{64397206-7E0B-4FCC-5BC9-685B296C02DE}.Release|x64.Build.0 = Release|Any CPU
		{64397206-7E0B-4FCC-5BC9-685B296C02DE}.Release|x86.ActiveCfg = Release|Any CPU
		{64397206-7E0B-4FCC-5BC9-685B296C02DE}.Release|x86.Build.0 = Release|Any CPU
		{D6845228-2B24-7C8D-8B14-FEC921D23E47}.Debug|Any CPU.ActiveCfg = Debug|Any CPU
		{D6845228-2B24-7C8D-8B14-FEC921D23E47}.Debug|Any CPU.Build.0 = Debug|Any CPU
		{D6845228-2B24-7C8D-8B14-FEC921D23E47}.Debug|x64.ActiveCfg = Debug|Any CPU
		{D6845228-2B24-7C8D-8B14-FEC921D23E47}.Debug|x64.Build.0 = Debug|Any CPU
		{D6845228-2B24-7C8D-8B14-FEC921D23E47}.Debug|x86.ActiveCfg = Debug|Any CPU
		{D6845228-2B24-7C8D-8B14-FEC921D23E47}.Debug|x86.Build.0 = Debug|Any CPU
		{D6845228-2B24-7C8D-8B14-FEC921D23E47}.Release|Any CPU.ActiveCfg = Release|Any CPU
		{D6845228-2B24-7C8D-8B14-FEC921D23E47}.Release|Any CPU.Build.0 = Release|Any CPU
		{D6845228-2B24-7C8D-8B14-FEC921D23E47}.Release|x64.ActiveCfg = Release|Any CPU
		{D6845228-2B24-7C8D-8B14-FEC921D23E47}.Release|x64.Build.0 = Release|Any CPU
		{D6845228-2B24-7C8D-8B14-FEC921D23E47}.Release|x86.ActiveCfg = Release|Any CPU
		{D6845228-2B24-7C8D-8B14-FEC921D23E47}.Release|x86.Build.0 = Release|Any CPU
		{A2109E48-FB31-4C50-F22D-3B2F72AC0D18}.Debug|Any CPU.ActiveCfg = Debug|Any CPU
		{A2109E48-FB31-4C50-F22D-3B2F72AC0D18}.Debug|Any CPU.Build.0 = Debug|Any CPU
		{A2109E48-FB31-4C50-F22D-3B2F72AC0D18}.Debug|x64.ActiveCfg = Debug|Any CPU
		{A2109E48-FB31-4C50-F22D-3B2F72AC0D18}.Debug|x64.Build.0 = Debug|Any CPU
		{A2109E48-FB31-4C50-F22D-3B2F72AC0D18}.Debug|x86.ActiveCfg = Debug|Any CPU
		{A2109E48-FB31-4C50-F22D-3B2F72AC0D18}.Debug|x86.Build.0 = Debug|Any CPU
		{A2109E48-FB31-4C50-F22D-3B2F72AC0D18}.Release|Any CPU.ActiveCfg = Release|Any CPU
		{A2109E48-FB31-4C50-F22D-3B2F72AC0D18}.Release|Any CPU.Build.0 = Release|Any CPU
		{A2109E48-FB31-4C50-F22D-3B2F72AC0D18}.Release|x64.ActiveCfg = Release|Any CPU
		{A2109E48-FB31-4C50-F22D-3B2F72AC0D18}.Release|x64.Build.0 = Release|Any CPU
		{A2109E48-FB31-4C50-F22D-3B2F72AC0D18}.Release|x86.ActiveCfg = Release|Any CPU
		{A2109E48-FB31-4C50-F22D-3B2F72AC0D18}.Release|x86.Build.0 = Release|Any CPU
		{4E235238-AC1F-AF4A-3DFB-3617F72290B6}.Debug|Any CPU.ActiveCfg = Debug|Any CPU
		{4E235238-AC1F-AF4A-3DFB-3617F72290B6}.Debug|Any CPU.Build.0 = Debug|Any CPU
		{4E235238-AC1F-AF4A-3DFB-3617F72290B6}.Debug|x64.ActiveCfg = Debug|Any CPU
		{4E235238-AC1F-AF4A-3DFB-3617F72290B6}.Debug|x64.Build.0 = Debug|Any CPU
		{4E235238-AC1F-AF4A-3DFB-3617F72290B6}.Debug|x86.ActiveCfg = Debug|Any CPU
		{4E235238-AC1F-AF4A-3DFB-3617F72290B6}.Debug|x86.Build.0 = Debug|Any CPU
		{4E235238-AC1F-AF4A-3DFB-3617F72290B6}.Release|Any CPU.ActiveCfg = Release|Any CPU
		{4E235238-AC1F-AF4A-3DFB-3617F72290B6}.Release|Any CPU.Build.0 = Release|Any CPU
		{4E235238-AC1F-AF4A-3DFB-3617F72290B6}.Release|x64.ActiveCfg = Release|Any CPU
		{4E235238-AC1F-AF4A-3DFB-3617F72290B6}.Release|x64.Build.0 = Release|Any CPU
		{4E235238-AC1F-AF4A-3DFB-3617F72290B6}.Release|x86.ActiveCfg = Release|Any CPU
		{4E235238-AC1F-AF4A-3DFB-3617F72290B6}.Release|x86.Build.0 = Release|Any CPU
		{6478A379-08A5-4724-9C96-ACA505171097}.Debug|Any CPU.ActiveCfg = Debug|Any CPU
		{6478A379-08A5-4724-9C96-ACA505171097}.Debug|Any CPU.Build.0 = Debug|Any CPU
		{6478A379-08A5-4724-9C96-ACA505171097}.Debug|x64.ActiveCfg = Debug|Any CPU
		{6478A379-08A5-4724-9C96-ACA505171097}.Debug|x64.Build.0 = Debug|Any CPU
		{6478A379-08A5-4724-9C96-ACA505171097}.Debug|x86.ActiveCfg = Debug|Any CPU
		{6478A379-08A5-4724-9C96-ACA505171097}.Debug|x86.Build.0 = Debug|Any CPU
		{6478A379-08A5-4724-9C96-ACA505171097}.Release|Any CPU.ActiveCfg = Release|Any CPU
		{6478A379-08A5-4724-9C96-ACA505171097}.Release|Any CPU.Build.0 = Release|Any CPU
		{6478A379-08A5-4724-9C96-ACA505171097}.Release|x64.ActiveCfg = Release|Any CPU
		{6478A379-08A5-4724-9C96-ACA505171097}.Release|x64.Build.0 = Release|Any CPU
		{6478A379-08A5-4724-9C96-ACA505171097}.Release|x86.ActiveCfg = Release|Any CPU
		{6478A379-08A5-4724-9C96-ACA505171097}.Release|x86.Build.0 = Release|Any CPU
		{3EE5ABD3-9368-48BF-AB33-660184985907}.Debug|Any CPU.ActiveCfg = Debug|Any CPU
		{3EE5ABD3-9368-48BF-AB33-660184985907}.Debug|Any CPU.Build.0 = Debug|Any CPU
		{3EE5ABD3-9368-48BF-AB33-660184985907}.Debug|x64.ActiveCfg = Debug|Any CPU
		{3EE5ABD3-9368-48BF-AB33-660184985907}.Debug|x64.Build.0 = Debug|Any CPU
		{3EE5ABD3-9368-48BF-AB33-660184985907}.Debug|x86.ActiveCfg = Debug|Any CPU
		{3EE5ABD3-9368-48BF-AB33-660184985907}.Debug|x86.Build.0 = Debug|Any CPU
		{3EE5ABD3-9368-48BF-AB33-660184985907}.Release|Any CPU.ActiveCfg = Release|Any CPU
		{3EE5ABD3-9368-48BF-AB33-660184985907}.Release|Any CPU.Build.0 = Release|Any CPU
		{3EE5ABD3-9368-48BF-AB33-660184985907}.Release|x64.ActiveCfg = Release|Any CPU
		{3EE5ABD3-9368-48BF-AB33-660184985907}.Release|x64.Build.0 = Release|Any CPU
		{3EE5ABD3-9368-48BF-AB33-660184985907}.Release|x86.ActiveCfg = Release|Any CPU
		{3EE5ABD3-9368-48BF-AB33-660184985907}.Release|x86.Build.0 = Release|Any CPU
		{E30BBFAB-5140-47C8-75AB-0E11CB049FDB}.Debug|Any CPU.ActiveCfg = Debug|Any CPU
		{E30BBFAB-5140-47C8-75AB-0E11CB049FDB}.Debug|Any CPU.Build.0 = Debug|Any CPU
		{E30BBFAB-5140-47C8-75AB-0E11CB049FDB}.Debug|x64.ActiveCfg = Debug|Any CPU
		{E30BBFAB-5140-47C8-75AB-0E11CB049FDB}.Debug|x64.Build.0 = Debug|Any CPU
		{E30BBFAB-5140-47C8-75AB-0E11CB049FDB}.Debug|x86.ActiveCfg = Debug|Any CPU
		{E30BBFAB-5140-47C8-75AB-0E11CB049FDB}.Debug|x86.Build.0 = Debug|Any CPU
		{E30BBFAB-5140-47C8-75AB-0E11CB049FDB}.Release|Any CPU.ActiveCfg = Release|Any CPU
		{E30BBFAB-5140-47C8-75AB-0E11CB049FDB}.Release|Any CPU.Build.0 = Release|Any CPU
		{E30BBFAB-5140-47C8-75AB-0E11CB049FDB}.Release|x64.ActiveCfg = Release|Any CPU
		{E30BBFAB-5140-47C8-75AB-0E11CB049FDB}.Release|x64.Build.0 = Release|Any CPU
		{E30BBFAB-5140-47C8-75AB-0E11CB049FDB}.Release|x86.ActiveCfg = Release|Any CPU
		{E30BBFAB-5140-47C8-75AB-0E11CB049FDB}.Release|x86.Build.0 = Release|Any CPU
		{03ECCA7B-83A3-4D43-BFF0-6C20E91AFEC8}.Debug|Any CPU.ActiveCfg = Debug|Any CPU
		{03ECCA7B-83A3-4D43-BFF0-6C20E91AFEC8}.Debug|Any CPU.Build.0 = Debug|Any CPU
		{03ECCA7B-83A3-4D43-BFF0-6C20E91AFEC8}.Debug|x64.ActiveCfg = Debug|Any CPU
		{03ECCA7B-83A3-4D43-BFF0-6C20E91AFEC8}.Debug|x64.Build.0 = Debug|Any CPU
		{03ECCA7B-83A3-4D43-BFF0-6C20E91AFEC8}.Debug|x86.ActiveCfg = Debug|Any CPU
		{03ECCA7B-83A3-4D43-BFF0-6C20E91AFEC8}.Debug|x86.Build.0 = Debug|Any CPU
		{03ECCA7B-83A3-4D43-BFF0-6C20E91AFEC8}.Release|Any CPU.ActiveCfg = Release|Any CPU
		{03ECCA7B-83A3-4D43-BFF0-6C20E91AFEC8}.Release|Any CPU.Build.0 = Release|Any CPU
		{03ECCA7B-83A3-4D43-BFF0-6C20E91AFEC8}.Release|x64.ActiveCfg = Release|Any CPU
		{03ECCA7B-83A3-4D43-BFF0-6C20E91AFEC8}.Release|x64.Build.0 = Release|Any CPU
		{03ECCA7B-83A3-4D43-BFF0-6C20E91AFEC8}.Release|x86.ActiveCfg = Release|Any CPU
		{03ECCA7B-83A3-4D43-BFF0-6C20E91AFEC8}.Release|x86.Build.0 = Release|Any CPU
		{9E1C5727-8A15-41D4-9942-7F669E378630}.Debug|Any CPU.ActiveCfg = Debug|Any CPU
		{9E1C5727-8A15-41D4-9942-7F669E378630}.Debug|Any CPU.Build.0 = Debug|Any CPU
		{9E1C5727-8A15-41D4-9942-7F669E378630}.Debug|x64.ActiveCfg = Debug|Any CPU
		{9E1C5727-8A15-41D4-9942-7F669E378630}.Debug|x64.Build.0 = Debug|Any CPU
		{9E1C5727-8A15-41D4-9942-7F669E378630}.Debug|x86.ActiveCfg = Debug|Any CPU
		{9E1C5727-8A15-41D4-9942-7F669E378630}.Debug|x86.Build.0 = Debug|Any CPU
		{9E1C5727-8A15-41D4-9942-7F669E378630}.Release|Any CPU.ActiveCfg = Release|Any CPU
		{9E1C5727-8A15-41D4-9942-7F669E378630}.Release|Any CPU.Build.0 = Release|Any CPU
		{9E1C5727-8A15-41D4-9942-7F669E378630}.Release|x64.ActiveCfg = Release|Any CPU
		{9E1C5727-8A15-41D4-9942-7F669E378630}.Release|x64.Build.0 = Release|Any CPU
		{9E1C5727-8A15-41D4-9942-7F669E378630}.Release|x86.ActiveCfg = Release|Any CPU
		{9E1C5727-8A15-41D4-9942-7F669E378630}.Release|x86.Build.0 = Release|Any CPU
		{87A0EF63-9692-47E3-938A-099C275B5AD0}.Debug|Any CPU.ActiveCfg = Debug|Any CPU
		{87A0EF63-9692-47E3-938A-099C275B5AD0}.Debug|Any CPU.Build.0 = Debug|Any CPU
		{87A0EF63-9692-47E3-938A-099C275B5AD0}.Debug|x64.ActiveCfg = Debug|Any CPU
		{87A0EF63-9692-47E3-938A-099C275B5AD0}.Debug|x64.Build.0 = Debug|Any CPU
		{87A0EF63-9692-47E3-938A-099C275B5AD0}.Debug|x86.ActiveCfg = Debug|Any CPU
		{87A0EF63-9692-47E3-938A-099C275B5AD0}.Debug|x86.Build.0 = Debug|Any CPU
		{87A0EF63-9692-47E3-938A-099C275B5AD0}.Release|Any CPU.ActiveCfg = Release|Any CPU
		{87A0EF63-9692-47E3-938A-099C275B5AD0}.Release|Any CPU.Build.0 = Release|Any CPU
		{87A0EF63-9692-47E3-938A-099C275B5AD0}.Release|x64.ActiveCfg = Release|Any CPU
		{87A0EF63-9692-47E3-938A-099C275B5AD0}.Release|x64.Build.0 = Release|Any CPU
		{87A0EF63-9692-47E3-938A-099C275B5AD0}.Release|x86.ActiveCfg = Release|Any CPU
		{87A0EF63-9692-47E3-938A-099C275B5AD0}.Release|x86.Build.0 = Release|Any CPU
		{A1FDFCAD-15EB-40DB-AA69-93E182DAFC64}.Debug|Any CPU.ActiveCfg = Debug|Any CPU
		{A1FDFCAD-15EB-40DB-AA69-93E182DAFC64}.Debug|Any CPU.Build.0 = Debug|Any CPU
		{A1FDFCAD-15EB-40DB-AA69-93E182DAFC64}.Debug|x64.ActiveCfg = Debug|Any CPU
		{A1FDFCAD-15EB-40DB-AA69-93E182DAFC64}.Debug|x64.Build.0 = Debug|Any CPU
		{A1FDFCAD-15EB-40DB-AA69-93E182DAFC64}.Debug|x86.ActiveCfg = Debug|Any CPU
		{A1FDFCAD-15EB-40DB-AA69-93E182DAFC64}.Debug|x86.Build.0 = Debug|Any CPU
		{A1FDFCAD-15EB-40DB-AA69-93E182DAFC64}.Release|Any CPU.ActiveCfg = Release|Any CPU
		{A1FDFCAD-15EB-40DB-AA69-93E182DAFC64}.Release|Any CPU.Build.0 = Release|Any CPU
		{A1FDFCAD-15EB-40DB-AA69-93E182DAFC64}.Release|x64.ActiveCfg = Release|Any CPU
		{A1FDFCAD-15EB-40DB-AA69-93E182DAFC64}.Release|x64.Build.0 = Release|Any CPU
		{A1FDFCAD-15EB-40DB-AA69-93E182DAFC64}.Release|x86.ActiveCfg = Release|Any CPU
		{A1FDFCAD-15EB-40DB-AA69-93E182DAFC64}.Release|x86.Build.0 = Release|Any CPU
	EndGlobalSection
	GlobalSection(SolutionProperties) = preSolution
		HideSolutionNode = FALSE
	EndGlobalSection
	GlobalSection(NestedProjects) = preSolution
		{02EA681E-C7D8-13C7-8484-4AC65E1B71E8} = {1186F97A-15A0-4200-B000-ADE7671B70C3}
		{3CD1D55A-C3FC-4701-B1EF-72FF383153DA} = {1186F97A-15A0-4200-B000-ADE7671B70C3}
		{E05B8D77-65A4-44B9-8E71-A5199B39020F} = {1186F97A-15A0-4200-B000-ADE7671B70C3}
		{E6711D17-E671-7F0D-548C-1D6A600609DA} = {02EA681E-C7D8-13C7-8484-4AC65E1B71E8}
		{3805B31E-C77F-97A7-913B-8CE462D92BED} = {02EA681E-C7D8-13C7-8484-4AC65E1B71E8}
		{8E65F819-2564-B2DD-D0CD-BCB235DF5168} = {02EA681E-C7D8-13C7-8484-4AC65E1B71E8}
		{123CF8B8-9C0A-BAF6-8F8D-BD3164DEDEFE} = {3CD1D55A-C3FC-4701-B1EF-72FF383153DA}
		{AF66BD5A-D2CE-65C3-D1B4-9259972ABEFE} = {3CD1D55A-C3FC-4701-B1EF-72FF383153DA}
		{3B231B91-29EE-9A9F-F521-021534A1987D} = {3CD1D55A-C3FC-4701-B1EF-72FF383153DA}
		{64397206-7E0B-4FCC-5BC9-685B296C02DE} = {E05B8D77-65A4-44B9-8E71-A5199B39020F}
		{D6845228-2B24-7C8D-8B14-FEC921D23E47} = {E05B8D77-65A4-44B9-8E71-A5199B39020F}
		{A2109E48-FB31-4C50-F22D-3B2F72AC0D18} = {A822C36E-C1DA-40B7-967B-BCA87A7D6801}
		{4E235238-AC1F-AF4A-3DFB-3617F72290B6} = {C7EDF21F-0134-4397-A522-854C8DE29C5F}
		{6478A379-08A5-4724-9C96-ACA505171097} = {C7EDF21F-0134-4397-A522-854C8DE29C5F}
		{3EE5ABD3-9368-48BF-AB33-660184985907} = {F08C193F-04CE-4DB6-B257-A4CA5CFAF583}
		{E30BBFAB-5140-47C8-75AB-0E11CB049FDB} = {999F0CC7-F353-4108-9828-1288751C0626}
		{03ECCA7B-83A3-4D43-BFF0-6C20E91AFEC8} = {999F0CC7-F353-4108-9828-1288751C0626}
		{9E1C5727-8A15-41D4-9942-7F669E378630} = {41C6FBE0-A24D-4119-BE35-E3DC8956F92E}
		{87A0EF63-9692-47E3-938A-099C275B5AD0} = {41C6FBE0-A24D-4119-BE35-E3DC8956F92E}
		{A1FDFCAD-15EB-40DB-AA69-93E182DAFC64} = {41C6FBE0-A24D-4119-BE35-E3DC8956F92E}
	EndGlobalSection
	GlobalSection(ExtensibilityGlobals) = postSolution
		SolutionGuid = {D264D667-23FB-4C73-92C4-BE3FCB647375}
	EndGlobalSection
EndGlobal
